// !$*UTF8*$!
{
	archiveVersion = 1;
	classes = {
	};
	objectVersion = 56;
	objects = {

/* Begin PBXBuildFile section */
		C5BB32152A5481AB003EDB61 /* AppDelegate.swift in Sources */ = {isa = PBXBuildFile; fileRef = C5BB32142A5481AB003EDB61 /* AppDelegate.swift */; };
		C5BB32172A5481AB003EDB61 /* SceneDelegate.swift in Sources */ = {isa = PBXBuildFile; fileRef = C5BB32162A5481AB003EDB61 /* SceneDelegate.swift */; };
		C5BB321C2A5481AB003EDB61 /* Main.storyboard in Resources */ = {isa = PBXBuildFile; fileRef = C5BB321A2A5481AB003EDB61 /* Main.storyboard */; };
		C5BB321E2A5481B0003EDB61 /* Assets.xcassets in Resources */ = {isa = PBXBuildFile; fileRef = C5BB321D2A5481B0003EDB61 /* Assets.xcassets */; };
		C5BB32212A5481B0003EDB61 /* LaunchScreen.storyboard in Resources */ = {isa = PBXBuildFile; fileRef = C5BB321F2A5481B0003EDB61 /* LaunchScreen.storyboard */; };
		C5BB322C2A5489EC003EDB61 /* FirstContactListViewController.swift in Sources */ = {isa = PBXBuildFile; fileRef = C5BB322B2A5489EC003EDB61 /* FirstContactListViewController.swift */; };
		C5BB322E2A548A07003EDB61 /* SecondContactListViewController.swift in Sources */ = {isa = PBXBuildFile; fileRef = C5BB322D2A548A07003EDB61 /* SecondContactListViewController.swift */; };
		C5BB32302A548A82003EDB61 /* ContactInfoViewController.swift in Sources */ = {isa = PBXBuildFile; fileRef = C5BB322F2A548A82003EDB61 /* ContactInfoViewController.swift */; };
		C5BB32332A548AE4003EDB61 /*  Person.swift in Sources */ = {isa = PBXBuildFile; fileRef = C5BB32322A548AE4003EDB61 /*  Person.swift */; };
		C5BB32352A548B20003EDB61 /* DataStore.swift in Sources */ = {isa = PBXBuildFile; fileRef = C5BB32342A548B20003EDB61 /* DataStore.swift */; };
		C5E55BEB2A560DEC008EA5B0 /* TabBarController.swift in Sources */ = {isa = PBXBuildFile; fileRef = C5E55BEA2A560DEC008EA5B0 /* TabBarController.swift */; };
/* End PBXBuildFile section */

/* Begin PBXFileReference section */
		C5BB32112A5481AB003EDB61 /* HW_ContactList.app */ = {isa = PBXFileReference; explicitFileType = wrapper.application; includeInIndex = 0; path = HW_ContactList.app; sourceTree = BUILT_PRODUCTS_DIR; };
		C5BB32142A5481AB003EDB61 /* AppDelegate.swift */ = {isa = PBXFileReference; lastKnownFileType = sourcecode.swift; path = AppDelegate.swift; sourceTree = "<group>"; };
		C5BB32162A5481AB003EDB61 /* SceneDelegate.swift */ = {isa = PBXFileReference; lastKnownFileType = sourcecode.swift; path = SceneDelegate.swift; sourceTree = "<group>"; };
		C5BB321B2A5481AB003EDB61 /* Base */ = {isa = PBXFileReference; lastKnownFileType = file.storyboard; name = Base; path = Base.lproj/Main.storyboard; sourceTree = "<group>"; };
		C5BB321D2A5481B0003EDB61 /* Assets.xcassets */ = {isa = PBXFileReference; lastKnownFileType = folder.assetcatalog; path = Assets.xcassets; sourceTree = "<group>"; };
		C5BB32202A5481B0003EDB61 /* Base */ = {isa = PBXFileReference; lastKnownFileType = file.storyboard; name = Base; path = Base.lproj/LaunchScreen.storyboard; sourceTree = "<group>"; };
		C5BB32222A5481B0003EDB61 /* Info.plist */ = {isa = PBXFileReference; lastKnownFileType = text.plist.xml; path = Info.plist; sourceTree = "<group>"; };
		C5BB322B2A5489EC003EDB61 /* FirstContactListViewController.swift */ = {isa = PBXFileReference; lastKnownFileType = sourcecode.swift; path = FirstContactListViewController.swift; sourceTree = "<group>"; };
		C5BB322D2A548A07003EDB61 /* SecondContactListViewController.swift */ = {isa = PBXFileReference; lastKnownFileType = sourcecode.swift; path = SecondContactListViewController.swift; sourceTree = "<group>"; };
		C5BB322F2A548A82003EDB61 /* ContactInfoViewController.swift */ = {isa = PBXFileReference; lastKnownFileType = sourcecode.swift; path = ContactInfoViewController.swift; sourceTree = "<group>"; };
		C5BB32322A548AE4003EDB61 /*  Person.swift */ = {isa = PBXFileReference; lastKnownFileType = sourcecode.swift; path = " Person.swift"; sourceTree = "<group>"; };
		C5BB32342A548B20003EDB61 /* DataStore.swift */ = {isa = PBXFileReference; lastKnownFileType = sourcecode.swift; path = DataStore.swift; sourceTree = "<group>"; };
		C5E55BEA2A560DEC008EA5B0 /* TabBarController.swift */ = {isa = PBXFileReference; lastKnownFileType = sourcecode.swift; path = TabBarController.swift; sourceTree = "<group>"; };
/* End PBXFileReference section */

/* Begin PBXFrameworksBuildPhase section */
		C5BB320E2A5481AB003EDB61 /* Frameworks */ = {
			isa = PBXFrameworksBuildPhase;
			buildActionMask = 2147483647;
			files = (
			);
			runOnlyForDeploymentPostprocessing = 0;
		};
/* End PBXFrameworksBuildPhase section */

/* Begin PBXGroup section */
		C5BB32082A5481AB003EDB61 = {
			isa = PBXGroup;
			children = (
				C5BB32132A5481AB003EDB61 /* HW_ContactList */,
				C5BB32122A5481AB003EDB61 /* Products */,
			);
			sourceTree = "<group>";
		};
		C5BB32122A5481AB003EDB61 /* Products */ = {
			isa = PBXGroup;
			children = (
				C5BB32112A5481AB003EDB61 /* HW_ContactList.app */,
			);
			name = Products;
			sourceTree = "<group>";
		};
		C5BB32132A5481AB003EDB61 /* HW_ContactList */ = {
			isa = PBXGroup;
			children = (
				C5BB32312A548AC5003EDB61 /* Model */,
				C5BB32282A5481D5003EDB61 /* App */,
				C5BB32292A5481F7003EDB61 /* ViewControllers */,
				C5BB322A2A548204003EDB61 /* Storyboards */,
				C5BB321D2A5481B0003EDB61 /* Assets.xcassets */,
				C5BB32362A548C3B003EDB61 /* Services */,
			);
			path = HW_ContactList;
			sourceTree = "<group>";
		};
		C5BB32282A5481D5003EDB61 /* App */ = {
			isa = PBXGroup;
			children = (
				C5BB32142A5481AB003EDB61 /* AppDelegate.swift */,
				C5BB32162A5481AB003EDB61 /* SceneDelegate.swift */,
				C5BB32222A5481B0003EDB61 /* Info.plist */,
			);
			path = App;
			sourceTree = "<group>";
		};
		C5BB32292A5481F7003EDB61 /* ViewControllers */ = {
			isa = PBXGroup;
			children = (
				C5BB322B2A5489EC003EDB61 /* FirstContactListViewController.swift */,
				C5BB322F2A548A82003EDB61 /* ContactInfoViewController.swift */,
				C5BB322D2A548A07003EDB61 /* SecondContactListViewController.swift */,
				C5E55BEA2A560DEC008EA5B0 /* TabBarController.swift */,
			);
			path = ViewControllers;
			sourceTree = "<group>";
		};
		C5BB322A2A548204003EDB61 /* Storyboards */ = {
			isa = PBXGroup;
			children = (
				C5BB321A2A5481AB003EDB61 /* Main.storyboard */,
				C5BB321F2A5481B0003EDB61 /* LaunchScreen.storyboard */,
			);
			path = Storyboards;
			sourceTree = "<group>";
		};
		C5BB32312A548AC5003EDB61 /* Model */ = {
			isa = PBXGroup;
			children = (
				C5BB32322A548AE4003EDB61 /*  Person.swift */,
			);
			path = Model;
			sourceTree = "<group>";
		};
		C5BB32362A548C3B003EDB61 /* Services */ = {
			isa = PBXGroup;
			children = (
				C5BB32342A548B20003EDB61 /* DataStore.swift */,
			);
			path = Services;
			sourceTree = "<group>";
		};
/* End PBXGroup section */

/* Begin PBXNativeTarget section */
		C5BB32102A5481AB003EDB61 /* HW_ContactList */ = {
			isa = PBXNativeTarget;
			buildConfigurationList = C5BB32252A5481B0003EDB61 /* Build configuration list for PBXNativeTarget "HW_ContactList" */;
			buildPhases = (
				C5BB320D2A5481AB003EDB61 /* Sources */,
				C5BB320E2A5481AB003EDB61 /* Frameworks */,
				C5BB320F2A5481AB003EDB61 /* Resources */,
			);
			buildRules = (
			);
			dependencies = (
			);
			name = HW_ContactList;
			productName = HW_ContactList;
			productReference = C5BB32112A5481AB003EDB61 /* HW_ContactList.app */;
			productType = "com.apple.product-type.application";
		};
/* End PBXNativeTarget section */

/* Begin PBXProject section */
		C5BB32092A5481AB003EDB61 /* Project object */ = {
			isa = PBXProject;
			attributes = {
				BuildIndependentTargetsInParallel = 1;
				LastSwiftUpdateCheck = 1420;
				LastUpgradeCheck = 1420;
				TargetAttributes = {
					C5BB32102A5481AB003EDB61 = {
						CreatedOnToolsVersion = 14.2;
					};
				};
			};
			buildConfigurationList = C5BB320C2A5481AB003EDB61 /* Build configuration list for PBXProject "HW_ContactList" */;
			compatibilityVersion = "Xcode 14.0";
			developmentRegion = en;
			hasScannedForEncodings = 0;
			knownRegions = (
				en,
				Base,
			);
			mainGroup = C5BB32082A5481AB003EDB61;
			productRefGroup = C5BB32122A5481AB003EDB61 /* Products */;
			projectDirPath = "";
			projectRoot = "";
			targets = (
				C5BB32102A5481AB003EDB61 /* HW_ContactList */,
			);
		};
/* End PBXProject section */

/* Begin PBXResourcesBuildPhase section */
		C5BB320F2A5481AB003EDB61 /* Resources */ = {
			isa = PBXResourcesBuildPhase;
			buildActionMask = 2147483647;
			files = (
				C5BB32212A5481B0003EDB61 /* LaunchScreen.storyboard in Resources */,
				C5BB321E2A5481B0003EDB61 /* Assets.xcassets in Resources */,
				C5BB321C2A5481AB003EDB61 /* Main.storyboard in Resources */,
			);
			runOnlyForDeploymentPostprocessing = 0;
		};
/* End PBXResourcesBuildPhase section */

/* Begin PBXSourcesBuildPhase section */
		C5BB320D2A5481AB003EDB61 /* Sources */ = {
			isa = PBXSourcesBuildPhase;
			buildActionMask = 2147483647;
			files = (
				C5BB32352A548B20003EDB61 /* DataStore.swift in Sources */,
				C5E55BEB2A560DEC008EA5B0 /* TabBarController.swift in Sources */,
				C5BB322C2A5489EC003EDB61 /* FirstContactListViewController.swift in Sources */,
				C5BB32332A548AE4003EDB61 /*  Person.swift in Sources */,
				C5BB32152A5481AB003EDB61 /* AppDelegate.swift in Sources */,
				C5BB32172A5481AB003EDB61 /* SceneDelegate.swift in Sources */,
				C5BB32302A548A82003EDB61 /* ContactInfoViewController.swift in Sources */,
				C5BB322E2A548A07003EDB61 /* SecondContactListViewController.swift in Sources */,
			);
			runOnlyForDeploymentPostprocessing = 0;
		};
/* End PBXSourcesBuildPhase section */

/* Begin PBXVariantGroup section */
		C5BB321A2A5481AB003EDB61 /* Main.storyboard */ = {
			isa = PBXVariantGroup;
			children = (
				C5BB321B2A5481AB003EDB61 /* Base */,
			);
			name = Main.storyboard;
			sourceTree = "<group>";
		};
		C5BB321F2A5481B0003EDB61 /* LaunchScreen.storyboard */ = {
			isa = PBXVariantGroup;
			children = (
				C5BB32202A5481B0003EDB61 /* Base */,
			);
			name = LaunchScreen.storyboard;
			sourceTree = "<group>";
		};
/* End PBXVariantGroup section */

/* Begin XCBuildConfiguration section */
		C5BB32232A5481B0003EDB61 /* Debug */ = {
			isa = XCBuildConfiguration;
			buildSettings = {
				ALWAYS_SEARCH_USER_PATHS = NO;
				CLANG_ANALYZER_NONNULL = YES;
				CLANG_ANALYZER_NUMBER_OBJECT_CONVERSION = YES_AGGRESSIVE;
				CLANG_CXX_LANGUAGE_STANDARD = "gnu++20";
				CLANG_ENABLE_MODULES = YES;
				CLANG_ENABLE_OBJC_ARC = YES;
				CLANG_ENABLE_OBJC_WEAK = YES;
				CLANG_WARN_BLOCK_CAPTURE_AUTORELEASING = YES;
				CLANG_WARN_BOOL_CONVERSION = YES;
				CLANG_WARN_COMMA = YES;
				CLANG_WARN_CONSTANT_CONVERSION = YES;
				CLANG_WARN_DEPRECATED_OBJC_IMPLEMENTATIONS = YES;
				CLANG_WARN_DIRECT_OBJC_ISA_USAGE = YES_ERROR;
				CLANG_WARN_DOCUMENTATION_COMMENTS = YES;
				CLANG_WARN_EMPTY_BODY = YES;
				CLANG_WARN_ENUM_CONVERSION = YES;
				CLANG_WARN_INFINITE_RECURSION = YES;
				CLANG_WARN_INT_CONVERSION = YES;
				CLANG_WARN_NON_LITERAL_NULL_CONVERSION = YES;
				CLANG_WARN_OBJC_IMPLICIT_RETAIN_SELF = YES;
				CLANG_WARN_OBJC_LITERAL_CONVERSION = YES;
				CLANG_WARN_OBJC_ROOT_CLASS = YES_ERROR;
				CLANG_WARN_QUOTED_INCLUDE_IN_FRAMEWORK_HEADER = YES;
				CLANG_WARN_RANGE_LOOP_ANALYSIS = YES;
				CLANG_WARN_STRICT_PROTOTYPES = YES;
				CLANG_WARN_SUSPICIOUS_MOVE = YES;
				CLANG_WARN_UNGUARDED_AVAILABILITY = YES_AGGRESSIVE;
				CLANG_WARN_UNREACHABLE_CODE = YES;
				CLANG_WARN__DUPLICATE_METHOD_MATCH = YES;
				COPY_PHASE_STRIP = NO;
				DEBUG_INFORMATION_FORMAT = dwarf;
				ENABLE_STRICT_OBJC_MSGSEND = YES;
				ENABLE_TESTABILITY = YES;
				GCC_C_LANGUAGE_STANDARD = gnu11;
				GCC_DYNAMIC_NO_PIC = NO;
				GCC_NO_COMMON_BLOCKS = YES;
				GCC_OPTIMIZATION_LEVEL = 0;
				GCC_PREPROCESSOR_DEFINITIONS = (
					"DEBUG=1",
					"$(inherited)",
				);
				GCC_WARN_64_TO_32_BIT_CONVERSION = YES;
				GCC_WARN_ABOUT_RETURN_TYPE = YES_ERROR;
				GCC_WARN_UNDECLARED_SELECTOR = YES;
				GCC_WARN_UNINITIALIZED_AUTOS = YES_AGGRESSIVE;
				GCC_WARN_UNUSED_FUNCTION = YES;
				GCC_WARN_UNUSED_VARIABLE = YES;
				IPHONEOS_DEPLOYMENT_TARGET = 16.2;
				MTL_ENABLE_DEBUG_INFO = INCLUDE_SOURCE;
				MTL_FAST_MATH = YES;
				ONLY_ACTIVE_ARCH = YES;
				SDKROOT = iphoneos;
				SWIFT_ACTIVE_COMPILATION_CONDITIONS = DEBUG;
				SWIFT_OPTIMIZATION_LEVEL = "-Onone";
			};
			name = Debug;
		};
		C5BB32242A5481B0003EDB61 /* Release */ = {
			isa = XCBuildConfiguration;
			buildSettings = {
				ALWAYS_SEARCH_USER_PATHS = NO;
				CLANG_ANALYZER_NONNULL = YES;
				CLANG_ANALYZER_NUMBER_OBJECT_CONVERSION = YES_AGGRESSIVE;
				CLANG_CXX_LANGUAGE_STANDARD = "gnu++20";
				CLANG_ENABLE_MODULES = YES;
				CLANG_ENABLE_OBJC_ARC = YES;
				CLANG_ENABLE_OBJC_WEAK = YES;
				CLANG_WARN_BLOCK_CAPTURE_AUTORELEASING = YES;
				CLANG_WARN_BOOL_CONVERSION = YES;
				CLANG_WARN_COMMA = YES;
				CLANG_WARN_CONSTANT_CONVERSION = YES;
				CLANG_WARN_DEPRECATED_OBJC_IMPLEMENTATIONS = YES;
				CLANG_WARN_DIRECT_OBJC_ISA_USAGE = YES_ERROR;
				CLANG_WARN_DOCUMENTATION_COMMENTS = YES;
				CLANG_WARN_EMPTY_BODY = YES;
				CLANG_WARN_ENUM_CONVERSION = YES;
				CLANG_WARN_INFINITE_RECURSION = YES;
				CLANG_WARN_INT_CONVERSION = YES;
				CLANG_WARN_NON_LITERAL_NULL_CONVERSION = YES;
				CLANG_WARN_OBJC_IMPLICIT_RETAIN_SELF = YES;
				CLANG_WARN_OBJC_LITERAL_CONVERSION = YES;
				CLANG_WARN_OBJC_ROOT_CLASS = YES_ERROR;
				CLANG_WARN_QUOTED_INCLUDE_IN_FRAMEWORK_HEADER = YES;
				CLANG_WARN_RANGE_LOOP_ANALYSIS = YES;
				CLANG_WARN_STRICT_PROTOTYPES = YES;
				CLANG_WARN_SUSPICIOUS_MOVE = YES;
				CLANG_WARN_UNGUARDED_AVAILABILITY = YES_AGGRESSIVE;
				CLANG_WARN_UNREACHABLE_CODE = YES;
				CLANG_WARN__DUPLICATE_METHOD_MATCH = YES;
				COPY_PHASE_STRIP = NO;
				DEBUG_INFORMATION_FORMAT = "dwarf-with-dsym";
				ENABLE_NS_ASSERTIONS = NO;
				ENABLE_STRICT_OBJC_MSGSEND = YES;
				GCC_C_LANGUAGE_STANDARD = gnu11;
				GCC_NO_COMMON_BLOCKS = YES;
				GCC_WARN_64_TO_32_BIT_CONVERSION = YES;
				GCC_WARN_ABOUT_RETURN_TYPE = YES_ERROR;
				GCC_WARN_UNDECLARED_SELECTOR = YES;
				GCC_WARN_UNINITIALIZED_AUTOS = YES_AGGRESSIVE;
				GCC_WARN_UNUSED_FUNCTION = YES;
				GCC_WARN_UNUSED_VARIABLE = YES;
				IPHONEOS_DEPLOYMENT_TARGET = 16.2;
				MTL_ENABLE_DEBUG_INFO = NO;
				MTL_FAST_MATH = YES;
				SDKROOT = iphoneos;
				SWIFT_COMPILATION_MODE = wholemodule;
				SWIFT_OPTIMIZATION_LEVEL = "-O";
				VALIDATE_PRODUCT = YES;
			};
			name = Release;
		};
		C5BB32262A5481B0003EDB61 /* Debug */ = {
			isa = XCBuildConfiguration;
			buildSettings = {
				ASSETCATALOG_COMPILER_APPICON_NAME = AppIcon;
				ASSETCATALOG_COMPILER_GLOBAL_ACCENT_COLOR_NAME = AccentColor;
				CODE_SIGN_STYLE = Automatic;
				CURRENT_PROJECT_VERSION = 1;
				GENERATE_INFOPLIST_FILE = YES;
				INFOPLIST_FILE = HW_ContactList/App/Info.plist;
				INFOPLIST_KEY_UIApplicationSupportsIndirectInputEvents = YES;
				INFOPLIST_KEY_UILaunchStoryboardName = LaunchScreen;
				INFOPLIST_KEY_UIMainStoryboardFile = Main;
				INFOPLIST_KEY_UISupportedInterfaceOrientations_iPad = "UIInterfaceOrientationPortrait UIInterfaceOrientationPortraitUpsideDown UIInterfaceOrientationLandscapeLeft UIInterfaceOrientationLandscapeRight";
				INFOPLIST_KEY_UISupportedInterfaceOrientations_iPhone = "UIInterfaceOrientationPortrait UIInterfaceOrientationLandscapeLeft UIInterfaceOrientationLandscapeRight";
				LD_RUNPATH_SEARCH_PATHS = (
					"$(inherited)",
					"@executable_path/Frameworks",
				);
				MARKETING_VERSION = 1.0;
				PRODUCT_BUNDLE_IDENTIFIER = "com.fattony.HW-ContactList";
				PRODUCT_NAME = "$(TARGET_NAME)";
				SUPPORTED_PLATFORMS = "iphoneos iphonesimulator";
				SUPPORTS_MACCATALYST = NO;
				SUPPORTS_MAC_DESIGNED_FOR_IPHONE_IPAD = NO;
				SWIFT_EMIT_LOC_STRINGS = YES;
				SWIFT_VERSION = 5.0;
				TARGETED_DEVICE_FAMILY = 1;
			};
			name = Debug;
		};
		C5BB32272A5481B0003EDB61 /* Release */ = {
			isa = XCBuildConfiguration;
			buildSettings = {
				ASSETCATALOG_COMPILER_APPICON_NAME = AppIcon;
				ASSETCATALOG_COMPILER_GLOBAL_ACCENT_COLOR_NAME = AccentColor;
				CODE_SIGN_STYLE = Automatic;
				CURRENT_PROJECT_VERSION = 1;
				GENERATE_INFOPLIST_FILE = YES;
				INFOPLIST_FILE = HW_ContactList/App/Info.plist;
				INFOPLIST_KEY_UIApplicationSupportsIndirectInputEvents = YES;
				INFOPLIST_KEY_UILaunchStoryboardName = LaunchScreen;
				INFOPLIST_KEY_UIMainStoryboardFile = Main;
				INFOPLIST_KEY_UISupportedInterfaceOrientations_iPad = "UIInterfaceOrientationPortrait UIInterfaceOrientationPortraitUpsideDown UIInterfaceOrientationLandscapeLeft UIInterfaceOrientationLandscapeRight";
				INFOPLIST_KEY_UISupportedInterfaceOrientations_iPhone = "UIInterfaceOrientationPortrait UIInterfaceOrientationLandscapeLeft UIInterfaceOrientationLandscapeRight";
				LD_RUNPATH_SEARCH_PATHS = (
					"$(inherited)",
					"@executable_path/Frameworks",
				);
				MARKETING_VERSION = 1.0;
				PRODUCT_BUNDLE_IDENTIFIER = "com.fattony.HW-ContactList";
				PRODUCT_NAME = "$(TARGET_NAME)";
				SUPPORTED_PLATFORMS = "iphoneos iphonesimulator";
				SUPPORTS_MACCATALYST = NO;
				SUPPORTS_MAC_DESIGNED_FOR_IPHONE_IPAD = NO;
				SWIFT_EMIT_LOC_STRINGS = YES;
				SWIFT_VERSION = 5.0;
				TARGETED_DEVICE_FAMILY = 1;
			};
			name = Release;
		};
/* End XCBuildConfiguration section */

/* Begin XCConfigurationList section */
		C5BB320C2A5481AB003EDB61 /* Build configuration list for PBXProject "HW_ContactList" */ = {
			isa = XCConfigurationList;
			buildConfigurations = (
				C5BB32232A5481B0003EDB61 /* Debug */,
				C5BB32242A5481B0003EDB61 /* Release */,
			);
			defaultConfigurationIsVisible = 0;
			defaultConfigurationName = Release;
		};
		C5BB32252A5481B0003EDB61 /* Build configuration list for PBXNativeTarget "HW_ContactList" */ = {
			isa = XCConfigurationList;
			buildConfigurations = (
				C5BB32262A5481B0003EDB61 /* Debug */,
				C5BB32272A5481B0003EDB61 /* Release */,
			);
			defaultConfigurationIsVisible = 0;
			defaultConfigurationName = Release;
		};
/* End XCConfigurationList section */
	};
	rootObject = C5BB32092A5481AB003EDB61 /* Project object */;
}
